
Microsoft Visual Studio Solution File, Format Version 12.00
# Visual Studio Version 17
VisualStudioVersion = 17.3.32825.248
MinimumVisualStudioVersion = 10.0.40219.1
Project("{8BC9CEB8-8B4A-11D0-8D11-00A0C91BC942}") = "Project1", "Project1\Project1.vcxproj", "{DE48331A-6DC8-4450-9F4F-40EAAE2F32A2}"
EndProject
Global
	GlobalSection(SolutionConfigurationPlatforms) = preSolution
		Debug|x64 = Debug|x64
		Debug|x86 = Debug|x86
		Release|x64 = Release|x64
		Release|x86 = Release|x86
	EndGlobalSection
	GlobalSection(ProjectConfigurationPlatforms) = postSolution
		{DE48331A-6DC8-4450-9F4F-40EAAE2F32A2}.Debug|x64.ActiveCfg = Debug|x64
		{DE48331A-6DC8-4450-9F4F-40EAAE2F32A2}.Debug|x64.Build.0 = Debug|x64
		{DE48331A-6DC8-4450-9F4F-40EAAE2F32A2}.Debug|x86.ActiveCfg = Debug|Win32
		{DE48331A-6DC8-4450-9F4F-40EAAE2F32A2}.Debug|x86.Build.0 = Debug|Win32
		{DE48331A-6DC8-4450-9F4F-40EAAE2F32A2}.Release|x64.ActiveCfg = Release|x64
		{DE48331A-6DC8-4450-9F4F-40EAAE2F32A2}.Release|x64.Build.0 = Release|x64
		{DE48331A-6DC8-4450-9F4F-40EAAE2F32A2}.Release|x86.ActiveCfg = Release|Win32
		{DE48331A-6DC8-4450-9F4F-40EAAE2F32A2}.Release|x86.Build.0 = Release|Win32
	EndGlobalSection
	GlobalSection(SolutionProperties) = preSolution
		HideSolutionNode = FALSE
	EndGlobalSection
	GlobalSection(ExtensibilityGlobals) = postSolution
		SolutionGuid = {77471A8D-88BC-4FF5-8E88-C4F75C867435}
	EndGlobalSection
EndGlobal
