
Microsoft Visual Studio Solution File, Format Version 12.00
# Visual Studio Version 17
VisualStudioVersion = 17.3.32825.248
MinimumVisualStudioVersion = 10.0.40219.1
Project("{8BC9CEB8-8B4A-11D0-8D11-00A0C91BC942}") = "Volkov", "Volkov\Volkov.vcxproj", "{7D7659CD-3716-4431-A0E5-AB47760B4976}"
EndProject
Global
	GlobalSection(SolutionConfigurationPlatforms) = preSolution
		Debug|x64 = Debug|x64
		Debug|x86 = Debug|x86
		Release|x64 = Release|x64
		Release|x86 = Release|x86
	EndGlobalSection
	GlobalSection(ProjectConfigurationPlatforms) = postSolution
		{7D7659CD-3716-4431-A0E5-AB47760B4976}.Debug|x64.ActiveCfg = Debug|x64
		{7D7659CD-3716-4431-A0E5-AB47760B4976}.Debug|x64.Build.0 = Debug|x64
		{7D7659CD-3716-4431-A0E5-AB47760B4976}.Debug|x86.ActiveCfg = Debug|Win32
		{7D7659CD-3716-4431-A0E5-AB47760B4976}.Debug|x86.Build.0 = Debug|Win32
		{7D7659CD-3716-4431-A0E5-AB47760B4976}.Release|x64.ActiveCfg = Release|x64
		{7D7659CD-3716-4431-A0E5-AB47760B4976}.Release|x64.Build.0 = Release|x64
		{7D7659CD-3716-4431-A0E5-AB47760B4976}.Release|x86.ActiveCfg = Release|Win32
		{7D7659CD-3716-4431-A0E5-AB47760B4976}.Release|x86.Build.0 = Release|Win32
	EndGlobalSection
	GlobalSection(SolutionProperties) = preSolution
		HideSolutionNode = FALSE
	EndGlobalSection
	GlobalSection(ExtensibilityGlobals) = postSolution
		SolutionGuid = {CC10F0AD-2F00-4D4C-9F4A-4527120E4C3C}
	EndGlobalSection
EndGlobal
