
Microsoft Visual Studio Solution File, Format Version 12.00
# Visual Studio Version 17
VisualStudioVersion = 17.3.32825.248
MinimumVisualStudioVersion = 10.0.40219.1
Project("{8BC9CEB8-8B4A-11D0-8D11-00A0C91BC942}") = "Volkov_HW_13_OOP", "Volkov_HW_13_OOP\Volkov_HW_13_OOP.vcxproj", "{E7443931-7DB1-4E02-92F8-687FF025B59B}"
EndProject
Global
	GlobalSection(SolutionConfigurationPlatforms) = preSolution
		Debug|x64 = Debug|x64
		Debug|x86 = Debug|x86
		Release|x64 = Release|x64
		Release|x86 = Release|x86
	EndGlobalSection
	GlobalSection(ProjectConfigurationPlatforms) = postSolution
		{E7443931-7DB1-4E02-92F8-687FF025B59B}.Debug|x64.ActiveCfg = Debug|x64
		{E7443931-7DB1-4E02-92F8-687FF025B59B}.Debug|x64.Build.0 = Debug|x64
		{E7443931-7DB1-4E02-92F8-687FF025B59B}.Debug|x86.ActiveCfg = Debug|Win32
		{E7443931-7DB1-4E02-92F8-687FF025B59B}.Debug|x86.Build.0 = Debug|Win32
		{E7443931-7DB1-4E02-92F8-687FF025B59B}.Release|x64.ActiveCfg = Release|x64
		{E7443931-7DB1-4E02-92F8-687FF025B59B}.Release|x64.Build.0 = Release|x64
		{E7443931-7DB1-4E02-92F8-687FF025B59B}.Release|x86.ActiveCfg = Release|Win32
		{E7443931-7DB1-4E02-92F8-687FF025B59B}.Release|x86.Build.0 = Release|Win32
	EndGlobalSection
	GlobalSection(SolutionProperties) = preSolution
		HideSolutionNode = FALSE
	EndGlobalSection
	GlobalSection(ExtensibilityGlobals) = postSolution
		SolutionGuid = {0B0CB952-23C0-4841-9921-ABC45DEB6B4E}
	EndGlobalSection
EndGlobal
