
Microsoft Visual Studio Solution File, Format Version 12.00
# Visual Studio Version 17
VisualStudioVersion = 17.3.32825.248
MinimumVisualStudioVersion = 10.0.40219.1
Project("{8BC9CEB8-8B4A-11D0-8D11-00A0C91BC942}") = "Volkov_HW_19_OOP", "Volkov_HW_19_OOP\Volkov_HW_19_OOP.vcxproj", "{8CF34532-B4CE-4548-B042-8481B9F4E623}"
EndProject
Global
	GlobalSection(SolutionConfigurationPlatforms) = preSolution
		Debug|x64 = Debug|x64
		Debug|x86 = Debug|x86
		Release|x64 = Release|x64
		Release|x86 = Release|x86
	EndGlobalSection
	GlobalSection(ProjectConfigurationPlatforms) = postSolution
		{8CF34532-B4CE-4548-B042-8481B9F4E623}.Debug|x64.ActiveCfg = Debug|x64
		{8CF34532-B4CE-4548-B042-8481B9F4E623}.Debug|x64.Build.0 = Debug|x64
		{8CF34532-B4CE-4548-B042-8481B9F4E623}.Debug|x86.ActiveCfg = Debug|Win32
		{8CF34532-B4CE-4548-B042-8481B9F4E623}.Debug|x86.Build.0 = Debug|Win32
		{8CF34532-B4CE-4548-B042-8481B9F4E623}.Release|x64.ActiveCfg = Release|x64
		{8CF34532-B4CE-4548-B042-8481B9F4E623}.Release|x64.Build.0 = Release|x64
		{8CF34532-B4CE-4548-B042-8481B9F4E623}.Release|x86.ActiveCfg = Release|Win32
		{8CF34532-B4CE-4548-B042-8481B9F4E623}.Release|x86.Build.0 = Release|Win32
	EndGlobalSection
	GlobalSection(SolutionProperties) = preSolution
		HideSolutionNode = FALSE
	EndGlobalSection
	GlobalSection(ExtensibilityGlobals) = postSolution
		SolutionGuid = {E939C14A-EFA6-4025-9A71-A6C2777B0DA9}
	EndGlobalSection
EndGlobal
